
Microsoft Visual Studio Solution File, Format Version 12.00
# Visual Studio Version 17
VisualStudioVersion = 17.2.32414.248
MinimumVisualStudioVersion = 10.0.40219.1
Project("{FAE04EC0-301F-11D3-BF4B-00C04F79EFBC}") = "FlapperTryCatch", "FlapperTryCatch\FlapperTryCatch.csproj", "{B54CB137-114A-4C72-ABAA-E8055EED69CA}"
EndProject
Global
	GlobalSection(SolutionConfigurationPlatforms) = preSolution
		Debug|Any CPU = Debug|Any CPU
		Release|Any CPU = Release|Any CPU
	EndGlobalSection
	GlobalSection(ProjectConfigurationPlatforms) = postSolution
		{B54CB137-114A-4C72-ABAA-E8055EED69CA}.Debug|Any CPU.ActiveCfg = Debug|Any CPU
		{B54CB137-114A-4C72-ABAA-E8055EED69CA}.Debug|Any CPU.Build.0 = Debug|Any CPU
		{B54CB137-114A-4C72-ABAA-E8055EED69CA}.Release|Any CPU.ActiveCfg = Release|Any CPU
		{B54CB137-114A-4C72-ABAA-E8055EED69CA}.Release|Any CPU.Build.0 = Release|Any CPU
	EndGlobalSection
	GlobalSection(SolutionProperties) = preSolution
		HideSolutionNode = FALSE
	EndGlobalSection
	GlobalSection(ExtensibilityGlobals) = postSolution
		SolutionGuid = {19CD4358-8D54-4058-9953-1D3F2678C661}
	EndGlobalSection
EndGlobal
